
Microsoft Visual Studio Solution File, Format Version 12.00
# Visual Studio Version 17
VisualStudioVersion = 17.5.33627.172
MinimumVisualStudioVersion = 10.0.40219.1
Project("{8BC9CEB8-8B4A-11D0-8D11-00A0C91BC942}") = "ejercicio_1", "ejercicio_1.vcxproj", "{BAC70E46-23D0-444F-A5A5-C815BA8C51AA}"
EndProject
Global
	GlobalSection(SolutionConfigurationPlatforms) = preSolution
		Debug|x64 = Debug|x64
		Release|x64 = Release|x64
	EndGlobalSection
	GlobalSection(ProjectConfigurationPlatforms) = postSolution
		{BAC70E46-23D0-444F-A5A5-C815BA8C51AA}.Debug|x64.ActiveCfg = Debug|x64
		{BAC70E46-23D0-444F-A5A5-C815BA8C51AA}.Debug|x64.Build.0 = Debug|x64
		{BAC70E46-23D0-444F-A5A5-C815BA8C51AA}.Release|x64.ActiveCfg = Release|x64
		{BAC70E46-23D0-444F-A5A5-C815BA8C51AA}.Release|x64.Build.0 = Release|x64
	EndGlobalSection
	GlobalSection(SolutionProperties) = preSolution
		HideSolutionNode = FALSE
	EndGlobalSection
	GlobalSection(ExtensibilityGlobals) = postSolution
		SolutionGuid = {ADF0F085-51EA-409D-92B7-5B206F12D50C}
	EndGlobalSection
EndGlobal
